
Microsoft Visual Studio Solution File, Format Version 12.00
# Visual Studio 14
VisualStudioVersion = 14.0.24720.0
MinimumVisualStudioVersion = 10.0.40219.1
Project("{FAE04EC0-301F-11D3-BF4B-00C04F79EFBC}") = "RBACTest_WPF", "RBACTest_WPF\RBACTest_WPF.csproj", "{089645E5-3314-4CEE-952D-C2D86BF16058}"
EndProject
Project("{2150E333-8FDC-42A3-9474-1A3956D46DE8}") = "Tests", "Tests", "{7D56948C-2543-49F4-B723-61A8A523A532}"
EndProject
Project("{FAE04EC0-301F-11D3-BF4B-00C04F79EFBC}") = "RBAC.WPF", "RBAC.WPF\RBAC.WPF.csproj", "{E5F4E3B9-8997-4AE2-AFC7-91B8402076EC}"
	ProjectSection(ProjectDependencies) = postProject
		{F6E2720C-8ED2-4CB3-80E1-6D48AFDB3F38} = {F6E2720C-8ED2-4CB3-80E1-6D48AFDB3F38}
	EndProjectSection
EndProject
Project("{FAE04EC0-301F-11D3-BF4B-00C04F79EFBC}") = "RBAC.Biz", "RBAC.Biz\RBAC.Biz.csproj", "{F6E2720C-8ED2-4CB3-80E1-6D48AFDB3F38}"
EndProject
Project("{FAE04EC0-301F-11D3-BF4B-00C04F79EFBC}") = "RBAC.Common", "RBAC.Common\RBAC.Common.csproj", "{19C00525-BDC2-48B6-881B-8A567022A8BB}"
EndProject
Project("{FAE04EC0-301F-11D3-BF4B-00C04F79EFBC}") = "RBAC.CommonTests", "RBAC.CommonTests\RBAC.CommonTests.csproj", "{99778F48-7BC6-4163-BED9-8ADBCD4D40E5}"
EndProject
Project("{FAE04EC0-301F-11D3-BF4B-00C04F79EFBC}") = "RBAC.BizTests", "RBAC.BizTests\RBAC.BizTests.csproj", "{EF88EA3E-5939-43F9-B2F1-8A7F89B39D05}"
EndProject
Global
	GlobalSection(SolutionConfigurationPlatforms) = preSolution
		Debug|Any CPU = Debug|Any CPU
		Release|Any CPU = Release|Any CPU
	EndGlobalSection
	GlobalSection(ProjectConfigurationPlatforms) = postSolution
		{089645E5-3314-4CEE-952D-C2D86BF16058}.Debug|Any CPU.ActiveCfg = Debug|Any CPU
		{089645E5-3314-4CEE-952D-C2D86BF16058}.Debug|Any CPU.Build.0 = Debug|Any CPU
		{089645E5-3314-4CEE-952D-C2D86BF16058}.Release|Any CPU.ActiveCfg = Release|Any CPU
		{089645E5-3314-4CEE-952D-C2D86BF16058}.Release|Any CPU.Build.0 = Release|Any CPU
		{E5F4E3B9-8997-4AE2-AFC7-91B8402076EC}.Debug|Any CPU.ActiveCfg = Debug|Any CPU
		{E5F4E3B9-8997-4AE2-AFC7-91B8402076EC}.Debug|Any CPU.Build.0 = Debug|Any CPU
		{E5F4E3B9-8997-4AE2-AFC7-91B8402076EC}.Release|Any CPU.ActiveCfg = Release|Any CPU
		{E5F4E3B9-8997-4AE2-AFC7-91B8402076EC}.Release|Any CPU.Build.0 = Release|Any CPU
		{F6E2720C-8ED2-4CB3-80E1-6D48AFDB3F38}.Debug|Any CPU.ActiveCfg = Debug|Any CPU
		{F6E2720C-8ED2-4CB3-80E1-6D48AFDB3F38}.Debug|Any CPU.Build.0 = Debug|Any CPU
		{F6E2720C-8ED2-4CB3-80E1-6D48AFDB3F38}.Release|Any CPU.ActiveCfg = Release|Any CPU
		{F6E2720C-8ED2-4CB3-80E1-6D48AFDB3F38}.Release|Any CPU.Build.0 = Release|Any CPU
		{19C00525-BDC2-48B6-881B-8A567022A8BB}.Debug|Any CPU.ActiveCfg = Debug|Any CPU
		{19C00525-BDC2-48B6-881B-8A567022A8BB}.Debug|Any CPU.Build.0 = Debug|Any CPU
		{19C00525-BDC2-48B6-881B-8A567022A8BB}.Release|Any CPU.ActiveCfg = Release|Any CPU
		{19C00525-BDC2-48B6-881B-8A567022A8BB}.Release|Any CPU.Build.0 = Release|Any CPU
		{99778F48-7BC6-4163-BED9-8ADBCD4D40E5}.Debug|Any CPU.ActiveCfg = Debug|Any CPU
		{99778F48-7BC6-4163-BED9-8ADBCD4D40E5}.Debug|Any CPU.Build.0 = Debug|Any CPU
		{99778F48-7BC6-4163-BED9-8ADBCD4D40E5}.Release|Any CPU.ActiveCfg = Release|Any CPU
		{99778F48-7BC6-4163-BED9-8ADBCD4D40E5}.Release|Any CPU.Build.0 = Release|Any CPU
		{EF88EA3E-5939-43F9-B2F1-8A7F89B39D05}.Debug|Any CPU.ActiveCfg = Debug|Any CPU
		{EF88EA3E-5939-43F9-B2F1-8A7F89B39D05}.Debug|Any CPU.Build.0 = Debug|Any CPU
		{EF88EA3E-5939-43F9-B2F1-8A7F89B39D05}.Release|Any CPU.ActiveCfg = Release|Any CPU
		{EF88EA3E-5939-43F9-B2F1-8A7F89B39D05}.Release|Any CPU.Build.0 = Release|Any CPU
	EndGlobalSection
	GlobalSection(SolutionProperties) = preSolution
		HideSolutionNode = FALSE
	EndGlobalSection
	GlobalSection(NestedProjects) = preSolution
		{99778F48-7BC6-4163-BED9-8ADBCD4D40E5} = {7D56948C-2543-49F4-B723-61A8A523A532}
		{EF88EA3E-5939-43F9-B2F1-8A7F89B39D05} = {7D56948C-2543-49F4-B723-61A8A523A532}
	EndGlobalSection
EndGlobal
